
Microsoft Visual Studio Solution File, Format Version 12.00
# Visual Studio Version 16
VisualStudioVersion = 16.0.30717.126
MinimumVisualStudioVersion = 10.0.40219.1
Project("{FAE04EC0-301F-11D3-BF4B-00C04F79EFBC}") = "FistAppCSharp", "FistAppCSharp\FistAppCSharp.csproj", "{FFC6A547-C876-4765-927C-6B1D3299E146}"
EndProject
Global
	GlobalSection(SolutionConfigurationPlatforms) = preSolution
		Debug|Any CPU = Debug|Any CPU
		Release|Any CPU = Release|Any CPU
	EndGlobalSection
	GlobalSection(ProjectConfigurationPlatforms) = postSolution
		{FFC6A547-C876-4765-927C-6B1D3299E146}.Debug|Any CPU.ActiveCfg = Debug|Any CPU
		{FFC6A547-C876-4765-927C-6B1D3299E146}.Debug|Any CPU.Build.0 = Debug|Any CPU
		{FFC6A547-C876-4765-927C-6B1D3299E146}.Release|Any CPU.ActiveCfg = Release|Any CPU
		{FFC6A547-C876-4765-927C-6B1D3299E146}.Release|Any CPU.Build.0 = Release|Any CPU
	EndGlobalSection
	GlobalSection(SolutionProperties) = preSolution
		HideSolutionNode = FALSE
	EndGlobalSection
	GlobalSection(ExtensibilityGlobals) = postSolution
		SolutionGuid = {C8AF7180-50FC-4899-ABE7-68BC0162F2A6}
	EndGlobalSection
EndGlobal
